// !$*UTF8*$!
{
	archiveVersion = 1;
	classes = {
	};
	objectVersion = 56;
	objects = {

/* Begin PBXBuildFile section */
		660EBC052AAE0D9200386C8F /* TrackerStore.swift in Sources */ = {isa = PBXBuildFile; fileRef = 660EBC042AAE0D9200386C8F /* TrackerStore.swift */; };
		660EBC072AAE0D9E00386C8F /* TrackerCategoryStore.swift in Sources */ = {isa = PBXBuildFile; fileRef = 660EBC062AAE0D9E00386C8F /* TrackerCategoryStore.swift */; };
		660EBC092AAE0DA700386C8F /* TrackerRecordStore.swift in Sources */ = {isa = PBXBuildFile; fileRef = 660EBC082AAE0DA700386C8F /* TrackerRecordStore.swift */; };
		661B6C132A9BB4F6008BEC08 /* ChooseTypeVC.swift in Sources */ = {isa = PBXBuildFile; fileRef = 661B6C122A9BB4F6008BEC08 /* ChooseTypeVC.swift */; };
		661B6C152A9BCA9C008BEC08 /* TrackersCollectionView.swift in Sources */ = {isa = PBXBuildFile; fileRef = 661B6C142A9BCA9C008BEC08 /* TrackersCollectionView.swift */; };
		661B6C172A9BCC19008BEC08 /* TrackersCollectionViewCell.swift in Sources */ = {isa = PBXBuildFile; fileRef = 661B6C162A9BCC19008BEC08 /* TrackersCollectionViewCell.swift */; };
		661B6C1A2A9BCD04008BEC08 /* TrackerModel.swift in Sources */ = {isa = PBXBuildFile; fileRef = 661B6C192A9BCD04008BEC08 /* TrackerModel.swift */; };
		661B6C1C2A9BCD32008BEC08 /* TrackerCategoryModel.swift in Sources */ = {isa = PBXBuildFile; fileRef = 661B6C1B2A9BCD32008BEC08 /* TrackerCategoryModel.swift */; };
		661B6C1E2A9BCD83008BEC08 /* TrackerRecordModel.swift in Sources */ = {isa = PBXBuildFile; fileRef = 661B6C1D2A9BCD83008BEC08 /* TrackerRecordModel.swift */; };
		661B6C212A9BE198008BEC08 /* HabbitViewController.swift in Sources */ = {isa = PBXBuildFile; fileRef = 661B6C202A9BE198008BEC08 /* HabbitViewController.swift */; };
		661B6C242A9BE794008BEC08 /* TextFieldWithPadding.swift in Sources */ = {isa = PBXBuildFile; fileRef = 661B6C232A9BE794008BEC08 /* TextFieldWithPadding.swift */; };
		661B6C262A9BED19008BEC08 /* HabbitCollectionView.swift in Sources */ = {isa = PBXBuildFile; fileRef = 661B6C252A9BED19008BEC08 /* HabbitCollectionView.swift */; };
		661B6C282A9CB46D008BEC08 /* HabbitCollectionViewCell.swift in Sources */ = {isa = PBXBuildFile; fileRef = 661B6C272A9CB46D008BEC08 /* HabbitCollectionViewCell.swift */; };
		661B6C2A2A9CC42E008BEC08 /* SupplementaryView.swift in Sources */ = {isa = PBXBuildFile; fileRef = 661B6C292A9CC42E008BEC08 /* SupplementaryView.swift */; };
		661B6C2D2A9CDB4F008BEC08 /* GeometricParams.swift in Sources */ = {isa = PBXBuildFile; fileRef = 661B6C2C2A9CDB4F008BEC08 /* GeometricParams.swift */; };
		661B6C2F2A9CE10F008BEC08 /* HabbitTableView.swift in Sources */ = {isa = PBXBuildFile; fileRef = 661B6C2E2A9CE10F008BEC08 /* HabbitTableView.swift */; };
		662BA9B92ACD76660059CC30 /* CategoryCell.swift in Sources */ = {isa = PBXBuildFile; fileRef = 662BA9B82ACD76660059CC30 /* CategoryCell.swift */; };
		663296DB2AC9A08800A71686 /* HabbitViewModel.swift in Sources */ = {isa = PBXBuildFile; fileRef = 663296DA2AC9A08800A71686 /* HabbitViewModel.swift */; };
		6657CDAE2AC06740003A5EF1 /* OnboardingViewController .swift in Sources */ = {isa = PBXBuildFile; fileRef = 6657CDAD2AC06740003A5EF1 /* OnboardingViewController .swift */; };
		6657CDB02AC06B5F003A5EF1 /* PageViewController.swift in Sources */ = {isa = PBXBuildFile; fileRef = 6657CDAF2AC06B5F003A5EF1 /* PageViewController.swift */; };
		668AF3852AA7735800D974AD /* DateFormatter.swift in Sources */ = {isa = PBXBuildFile; fileRef = 668AF3842AA7735800D974AD /* DateFormatter.swift */; };
		66AE86122A9E1BB10055E245 /* Table + TextField CollectionCell.swift in Sources */ = {isa = PBXBuildFile; fileRef = 66AE86112A9E1BB10055E245 /* Table + TextField CollectionCell.swift */; };
		66AE86152A9E3F200055E245 /* CategoryViewController.swift in Sources */ = {isa = PBXBuildFile; fileRef = 66AE86142A9E3F200055E245 /* CategoryViewController.swift */; };
		66B3901E2AC5C78800B643D4 /* NewCategoryViewModel.swift in Sources */ = {isa = PBXBuildFile; fileRef = 66B3901D2AC5C78800B643D4 /* NewCategoryViewModel.swift */; };
		66B661ED2AC1BE2A006D9C78 /* CategoryViewModel.swift in Sources */ = {isa = PBXBuildFile; fileRef = 66B661EC2AC1BE2A006D9C78 /* CategoryViewModel.swift */; };
		66B661EF2AC1BE41006D9C78 /* Observable.swift in Sources */ = {isa = PBXBuildFile; fileRef = 66B661EE2AC1BE41006D9C78 /* Observable.swift */; };
		66BF23902A9A5E27000E2474 /* AppDelegate.swift in Sources */ = {isa = PBXBuildFile; fileRef = 66BF238F2A9A5E27000E2474 /* AppDelegate.swift */; };
		66BF23922A9A5E27000E2474 /* SceneDelegate.swift in Sources */ = {isa = PBXBuildFile; fileRef = 66BF23912A9A5E27000E2474 /* SceneDelegate.swift */; };
		66BF239A2A9A5E27000E2474 /* Tracker.xcdatamodeld in Sources */ = {isa = PBXBuildFile; fileRef = 66BF23982A9A5E27000E2474 /* Tracker.xcdatamodeld */; };
		66BF239C2A9A5E28000E2474 /* Assets.xcassets in Resources */ = {isa = PBXBuildFile; fileRef = 66BF239B2A9A5E28000E2474 /* Assets.xcassets */; };
		66BF239F2A9A5E28000E2474 /* LaunchScreen.storyboard in Resources */ = {isa = PBXBuildFile; fileRef = 66BF239D2A9A5E28000E2474 /* LaunchScreen.storyboard */; };
		66BF23A82A9A6FCD000E2474 /* TabBarController.swift in Sources */ = {isa = PBXBuildFile; fileRef = 66BF23A72A9A6FCD000E2474 /* TabBarController.swift */; };
		66BF23AC2A9B6F41000E2474 /* TrackersViewController.swift in Sources */ = {isa = PBXBuildFile; fileRef = 66BF23AB2A9B6F41000E2474 /* TrackersViewController.swift */; };
		66BF23AE2A9B6F88000E2474 /* StatisticViewController.swift in Sources */ = {isa = PBXBuildFile; fileRef = 66BF23AD2A9B6F88000E2474 /* StatisticViewController.swift */; };
		66C1D7CF2ACB0096006F183C /* TrackersViewModel.swift in Sources */ = {isa = PBXBuildFile; fileRef = 66C1D7CE2ACB0096006F183C /* TrackersViewModel.swift */; };
		66E5223C2A9E776F00E6BEA2 /* NewCategoryViewController.swift in Sources */ = {isa = PBXBuildFile; fileRef = 66E5223B2A9E776F00E6BEA2 /* NewCategoryViewController.swift */; };
		66E5223F2A9F66D200E6BEA2 /* ScheduleViewController.swift in Sources */ = {isa = PBXBuildFile; fileRef = 66E5223E2A9F66D200E6BEA2 /* ScheduleViewController.swift */; };
		66E522412A9F675D00E6BEA2 /* ScheduleTableView.swift in Sources */ = {isa = PBXBuildFile; fileRef = 66E522402A9F675D00E6BEA2 /* ScheduleTableView.swift */; };
		66E522432A9F804700E6BEA2 /* CategoryTableVIew.swift in Sources */ = {isa = PBXBuildFile; fileRef = 66E522422A9F804700E6BEA2 /* CategoryTableVIew.swift */; };
		66E522452A9FAFC200E6BEA2 /* TempStorage.swift in Sources */ = {isa = PBXBuildFile; fileRef = 66E522442A9FAFC200E6BEA2 /* TempStorage.swift */; };
/* End PBXBuildFile section */

/* Begin PBXFileReference section */
		660EBC042AAE0D9200386C8F /* TrackerStore.swift */ = {isa = PBXFileReference; lastKnownFileType = sourcecode.swift; path = TrackerStore.swift; sourceTree = "<group>"; };
		660EBC062AAE0D9E00386C8F /* TrackerCategoryStore.swift */ = {isa = PBXFileReference; lastKnownFileType = sourcecode.swift; path = TrackerCategoryStore.swift; sourceTree = "<group>"; };
		660EBC082AAE0DA700386C8F /* TrackerRecordStore.swift */ = {isa = PBXFileReference; lastKnownFileType = sourcecode.swift; path = TrackerRecordStore.swift; sourceTree = "<group>"; };
		661B6C122A9BB4F6008BEC08 /* ChooseTypeVC.swift */ = {isa = PBXFileReference; lastKnownFileType = sourcecode.swift; path = ChooseTypeVC.swift; sourceTree = "<group>"; };
		661B6C142A9BCA9C008BEC08 /* TrackersCollectionView.swift */ = {isa = PBXFileReference; lastKnownFileType = sourcecode.swift; path = TrackersCollectionView.swift; sourceTree = "<group>"; };
		661B6C162A9BCC19008BEC08 /* TrackersCollectionViewCell.swift */ = {isa = PBXFileReference; lastKnownFileType = sourcecode.swift; path = TrackersCollectionViewCell.swift; sourceTree = "<group>"; };
		661B6C192A9BCD04008BEC08 /* TrackerModel.swift */ = {isa = PBXFileReference; lastKnownFileType = sourcecode.swift; path = TrackerModel.swift; sourceTree = "<group>"; };
		661B6C1B2A9BCD32008BEC08 /* TrackerCategoryModel.swift */ = {isa = PBXFileReference; lastKnownFileType = sourcecode.swift; path = TrackerCategoryModel.swift; sourceTree = "<group>"; };
		661B6C1D2A9BCD83008BEC08 /* TrackerRecordModel.swift */ = {isa = PBXFileReference; lastKnownFileType = sourcecode.swift; path = TrackerRecordModel.swift; sourceTree = "<group>"; };
		661B6C202A9BE198008BEC08 /* HabbitViewController.swift */ = {isa = PBXFileReference; lastKnownFileType = sourcecode.swift; path = HabbitViewController.swift; sourceTree = "<group>"; };
		661B6C232A9BE794008BEC08 /* TextFieldWithPadding.swift */ = {isa = PBXFileReference; lastKnownFileType = sourcecode.swift; path = TextFieldWithPadding.swift; sourceTree = "<group>"; };
		661B6C252A9BED19008BEC08 /* HabbitCollectionView.swift */ = {isa = PBXFileReference; lastKnownFileType = sourcecode.swift; path = HabbitCollectionView.swift; sourceTree = "<group>"; };
		661B6C272A9CB46D008BEC08 /* HabbitCollectionViewCell.swift */ = {isa = PBXFileReference; lastKnownFileType = sourcecode.swift; path = HabbitCollectionViewCell.swift; sourceTree = "<group>"; };
		661B6C292A9CC42E008BEC08 /* SupplementaryView.swift */ = {isa = PBXFileReference; lastKnownFileType = sourcecode.swift; path = SupplementaryView.swift; sourceTree = "<group>"; };
		661B6C2C2A9CDB4F008BEC08 /* GeometricParams.swift */ = {isa = PBXFileReference; lastKnownFileType = sourcecode.swift; path = GeometricParams.swift; sourceTree = "<group>"; };
		661B6C2E2A9CE10F008BEC08 /* HabbitTableView.swift */ = {isa = PBXFileReference; lastKnownFileType = sourcecode.swift; path = HabbitTableView.swift; sourceTree = "<group>"; };
		662BA9B82ACD76660059CC30 /* CategoryCell.swift */ = {isa = PBXFileReference; lastKnownFileType = sourcecode.swift; path = CategoryCell.swift; sourceTree = "<group>"; };
		663296DA2AC9A08800A71686 /* HabbitViewModel.swift */ = {isa = PBXFileReference; lastKnownFileType = sourcecode.swift; path = HabbitViewModel.swift; sourceTree = "<group>"; };
		6657CDAD2AC06740003A5EF1 /* OnboardingViewController .swift */ = {isa = PBXFileReference; lastKnownFileType = sourcecode.swift; path = "OnboardingViewController .swift"; sourceTree = "<group>"; };
		6657CDAF2AC06B5F003A5EF1 /* PageViewController.swift */ = {isa = PBXFileReference; lastKnownFileType = sourcecode.swift; path = PageViewController.swift; sourceTree = "<group>"; };
		668AF3842AA7735800D974AD /* DateFormatter.swift */ = {isa = PBXFileReference; lastKnownFileType = sourcecode.swift; path = DateFormatter.swift; sourceTree = "<group>"; };
		66AE86112A9E1BB10055E245 /* Table + TextField CollectionCell.swift */ = {isa = PBXFileReference; lastKnownFileType = sourcecode.swift; path = "Table + TextField CollectionCell.swift"; sourceTree = "<group>"; };
		66AE86142A9E3F200055E245 /* CategoryViewController.swift */ = {isa = PBXFileReference; lastKnownFileType = sourcecode.swift; path = CategoryViewController.swift; sourceTree = "<group>"; };
		66B3901D2AC5C78800B643D4 /* NewCategoryViewModel.swift */ = {isa = PBXFileReference; lastKnownFileType = sourcecode.swift; path = NewCategoryViewModel.swift; sourceTree = "<group>"; };
		66B661EC2AC1BE2A006D9C78 /* CategoryViewModel.swift */ = {isa = PBXFileReference; lastKnownFileType = sourcecode.swift; path = CategoryViewModel.swift; sourceTree = "<group>"; };
		66B661EE2AC1BE41006D9C78 /* Observable.swift */ = {isa = PBXFileReference; lastKnownFileType = sourcecode.swift; path = Observable.swift; sourceTree = "<group>"; };
		66BF238C2A9A5E27000E2474 /* Tracker.app */ = {isa = PBXFileReference; explicitFileType = wrapper.application; includeInIndex = 0; path = Tracker.app; sourceTree = BUILT_PRODUCTS_DIR; };
		66BF238F2A9A5E27000E2474 /* AppDelegate.swift */ = {isa = PBXFileReference; lastKnownFileType = sourcecode.swift; path = AppDelegate.swift; sourceTree = "<group>"; };
		66BF23912A9A5E27000E2474 /* SceneDelegate.swift */ = {isa = PBXFileReference; lastKnownFileType = sourcecode.swift; path = SceneDelegate.swift; sourceTree = "<group>"; };
		66BF23992A9A5E27000E2474 /* Tracker.xcdatamodel */ = {isa = PBXFileReference; lastKnownFileType = wrapper.xcdatamodel; path = Tracker.xcdatamodel; sourceTree = "<group>"; };
		66BF239B2A9A5E28000E2474 /* Assets.xcassets */ = {isa = PBXFileReference; lastKnownFileType = folder.assetcatalog; path = Assets.xcassets; sourceTree = "<group>"; };
		66BF239E2A9A5E28000E2474 /* Base */ = {isa = PBXFileReference; lastKnownFileType = file.storyboard; name = Base; path = Base.lproj/LaunchScreen.storyboard; sourceTree = "<group>"; };
		66BF23A02A9A5E28000E2474 /* Info.plist */ = {isa = PBXFileReference; lastKnownFileType = text.plist.xml; path = Info.plist; sourceTree = "<group>"; };
		66BF23A72A9A6FCD000E2474 /* TabBarController.swift */ = {isa = PBXFileReference; lastKnownFileType = sourcecode.swift; path = TabBarController.swift; sourceTree = "<group>"; };
		66BF23AB2A9B6F41000E2474 /* TrackersViewController.swift */ = {isa = PBXFileReference; lastKnownFileType = sourcecode.swift; path = TrackersViewController.swift; sourceTree = "<group>"; };
		66BF23AD2A9B6F88000E2474 /* StatisticViewController.swift */ = {isa = PBXFileReference; lastKnownFileType = sourcecode.swift; path = StatisticViewController.swift; sourceTree = "<group>"; };
		66C1D7CE2ACB0096006F183C /* TrackersViewModel.swift */ = {isa = PBXFileReference; lastKnownFileType = sourcecode.swift; path = TrackersViewModel.swift; sourceTree = "<group>"; };
		66E5223B2A9E776F00E6BEA2 /* NewCategoryViewController.swift */ = {isa = PBXFileReference; lastKnownFileType = sourcecode.swift; path = NewCategoryViewController.swift; sourceTree = "<group>"; };
		66E5223E2A9F66D200E6BEA2 /* ScheduleViewController.swift */ = {isa = PBXFileReference; lastKnownFileType = sourcecode.swift; path = ScheduleViewController.swift; sourceTree = "<group>"; };
		66E522402A9F675D00E6BEA2 /* ScheduleTableView.swift */ = {isa = PBXFileReference; lastKnownFileType = sourcecode.swift; path = ScheduleTableView.swift; sourceTree = "<group>"; };
		66E522422A9F804700E6BEA2 /* CategoryTableVIew.swift */ = {isa = PBXFileReference; lastKnownFileType = sourcecode.swift; path = CategoryTableVIew.swift; sourceTree = "<group>"; };
		66E522442A9FAFC200E6BEA2 /* TempStorage.swift */ = {isa = PBXFileReference; lastKnownFileType = sourcecode.swift; path = TempStorage.swift; sourceTree = "<group>"; };
/* End PBXFileReference section */

/* Begin PBXFrameworksBuildPhase section */
		66BF23892A9A5E27000E2474 /* Frameworks */ = {
			isa = PBXFrameworksBuildPhase;
			buildActionMask = 2147483647;
			files = (
			);
			runOnlyForDeploymentPostprocessing = 0;
		};
/* End PBXFrameworksBuildPhase section */

/* Begin PBXGroup section */
		660EBC032AAE0D8100386C8F /* Store */ = {
			isa = PBXGroup;
			children = (
				660EBC042AAE0D9200386C8F /* TrackerStore.swift */,
				660EBC062AAE0D9E00386C8F /* TrackerCategoryStore.swift */,
				660EBC082AAE0DA700386C8F /* TrackerRecordStore.swift */,
				66E522442A9FAFC200E6BEA2 /* TempStorage.swift */,
			);
			path = Store;
			sourceTree = "<group>";
		};
		661B6C182A9BCCF5008BEC08 /* Models */ = {
			isa = PBXGroup;
			children = (
				661B6C192A9BCD04008BEC08 /* TrackerModel.swift */,
				661B6C1B2A9BCD32008BEC08 /* TrackerCategoryModel.swift */,
				661B6C1D2A9BCD83008BEC08 /* TrackerRecordModel.swift */,
			);
			path = Models;
			sourceTree = "<group>";
		};
		661B6C1F2A9BE168008BEC08 /* Habbit */ = {
			isa = PBXGroup;
			children = (
				661B6C202A9BE198008BEC08 /* HabbitViewController.swift */,
				661B6C252A9BED19008BEC08 /* HabbitCollectionView.swift */,
				66AE86112A9E1BB10055E245 /* Table + TextField CollectionCell.swift */,
				661B6C272A9CB46D008BEC08 /* HabbitCollectionViewCell.swift */,
				661B6C2E2A9CE10F008BEC08 /* HabbitTableView.swift */,
				663296DA2AC9A08800A71686 /* HabbitViewModel.swift */,
			);
			path = Habbit;
			sourceTree = "<group>";
		};
		661B6C222A9BE762008BEC08 /* Custom UI */ = {
			isa = PBXGroup;
			children = (
				661B6C232A9BE794008BEC08 /* TextFieldWithPadding.swift */,
				661B6C292A9CC42E008BEC08 /* SupplementaryView.swift */,
			);
			path = "Custom UI";
			sourceTree = "<group>";
		};
		661B6C2B2A9CDAEE008BEC08 /* Helpers */ = {
			isa = PBXGroup;
			children = (
				660EBC032AAE0D8100386C8F /* Store */,
				661B6C2C2A9CDB4F008BEC08 /* GeometricParams.swift */,
				668AF3842AA7735800D974AD /* DateFormatter.swift */,
				66B661EE2AC1BE41006D9C78 /* Observable.swift */,
			);
			path = Helpers;
			sourceTree = "<group>";
		};
		6657CDAC2AC06629003A5EF1 /* Onboarding */ = {
			isa = PBXGroup;
			children = (
				6657CDAD2AC06740003A5EF1 /* OnboardingViewController .swift */,
				6657CDAF2AC06B5F003A5EF1 /* PageViewController.swift */,
			);
			path = Onboarding;
			sourceTree = "<group>";
		};
		66AE86132A9E3F0A0055E245 /* Category */ = {
			isa = PBXGroup;
			children = (
				66AE86142A9E3F200055E245 /* CategoryViewController.swift */,
				66E5223B2A9E776F00E6BEA2 /* NewCategoryViewController.swift */,
				66E522422A9F804700E6BEA2 /* CategoryTableVIew.swift */,
				66B661EC2AC1BE2A006D9C78 /* CategoryViewModel.swift */,
				66B3901D2AC5C78800B643D4 /* NewCategoryViewModel.swift */,
				662BA9B82ACD76660059CC30 /* CategoryCell.swift */,
			);
			path = Category;
			sourceTree = "<group>";
		};
		66AE86162A9E4A010055E245 /* Trackers */ = {
			isa = PBXGroup;
			children = (
				66BF23AB2A9B6F41000E2474 /* TrackersViewController.swift */,
				661B6C162A9BCC19008BEC08 /* TrackersCollectionViewCell.swift */,
				661B6C142A9BCA9C008BEC08 /* TrackersCollectionView.swift */,
				66C1D7CE2ACB0096006F183C /* TrackersViewModel.swift */,
			);
			path = Trackers;
			sourceTree = "<group>";
		};
		66AE86172A9E4A180055E245 /* Statistic */ = {
			isa = PBXGroup;
			children = (
				66BF23AD2A9B6F88000E2474 /* StatisticViewController.swift */,
			);
			path = Statistic;
			sourceTree = "<group>";
		};
		66AE86182A9E4A240055E245 /* ChooseType */ = {
			isa = PBXGroup;
			children = (
				661B6C122A9BB4F6008BEC08 /* ChooseTypeVC.swift */,
			);
			path = ChooseType;
			sourceTree = "<group>";
		};
		66BF23832A9A5E27000E2474 = {
			isa = PBXGroup;
			children = (
				66BF238E2A9A5E27000E2474 /* Tracker */,
				66BF238D2A9A5E27000E2474 /* Products */,
			);
			sourceTree = "<group>";
		};
		66BF238D2A9A5E27000E2474 /* Products */ = {
			isa = PBXGroup;
			children = (
				66BF238C2A9A5E27000E2474 /* Tracker.app */,
			);
			name = Products;
			sourceTree = "<group>";
		};
		66BF238E2A9A5E27000E2474 /* Tracker */ = {
			isa = PBXGroup;
			children = (
				661B6C2B2A9CDAEE008BEC08 /* Helpers */,
				661B6C182A9BCCF5008BEC08 /* Models */,
				66BF23AA2A9A7056000E2474 /* LifeCycle */,
				66BF23A92A9A7003000E2474 /* Recources */,
				66BF23A62A9A6F95000E2474 /* Presentation */,
			);
			path = Tracker;
			sourceTree = "<group>";
		};
		66BF23A62A9A6F95000E2474 /* Presentation */ = {
			isa = PBXGroup;
			children = (
				6657CDAC2AC06629003A5EF1 /* Onboarding */,
				66E5223D2A9F66C200E6BEA2 /* Schedule */,
				66AE86182A9E4A240055E245 /* ChooseType */,
				66AE86172A9E4A180055E245 /* Statistic */,
				66AE86162A9E4A010055E245 /* Trackers */,
				66AE86132A9E3F0A0055E245 /* Category */,
				661B6C222A9BE762008BEC08 /* Custom UI */,
				661B6C1F2A9BE168008BEC08 /* Habbit */,
				66BF23A72A9A6FCD000E2474 /* TabBarController.swift */,
			);
			path = Presentation;
			sourceTree = "<group>";
		};
		66BF23A92A9A7003000E2474 /* Recources */ = {
			isa = PBXGroup;
			children = (
				66BF239B2A9A5E28000E2474 /* Assets.xcassets */,
				66BF23A02A9A5E28000E2474 /* Info.plist */,
				66BF23982A9A5E27000E2474 /* Tracker.xcdatamodeld */,
				66BF239D2A9A5E28000E2474 /* LaunchScreen.storyboard */,
			);
			path = Recources;
			sourceTree = "<group>";
		};
		66BF23AA2A9A7056000E2474 /* LifeCycle */ = {
			isa = PBXGroup;
			children = (
				66BF238F2A9A5E27000E2474 /* AppDelegate.swift */,
				66BF23912A9A5E27000E2474 /* SceneDelegate.swift */,
			);
			path = LifeCycle;
			sourceTree = "<group>";
		};
		66E5223D2A9F66C200E6BEA2 /* Schedule */ = {
			isa = PBXGroup;
			children = (
				66E5223E2A9F66D200E6BEA2 /* ScheduleViewController.swift */,
				66E522402A9F675D00E6BEA2 /* ScheduleTableView.swift */,
			);
			path = Schedule;
			sourceTree = "<group>";
		};
/* End PBXGroup section */

/* Begin PBXNativeTarget section */
		66BF238B2A9A5E27000E2474 /* Tracker */ = {
			isa = PBXNativeTarget;
			buildConfigurationList = 66BF23A32A9A5E28000E2474 /* Build configuration list for PBXNativeTarget "Tracker" */;
			buildPhases = (
				66BF23882A9A5E27000E2474 /* Sources */,
				66BF23892A9A5E27000E2474 /* Frameworks */,
				66BF238A2A9A5E27000E2474 /* Resources */,
			);
			buildRules = (
			);
			dependencies = (
			);
			name = Tracker;
			productName = Tracker;
			productReference = 66BF238C2A9A5E27000E2474 /* Tracker.app */;
			productType = "com.apple.product-type.application";
		};
/* End PBXNativeTarget section */

/* Begin PBXProject section */
		66BF23842A9A5E27000E2474 /* Project object */ = {
			isa = PBXProject;
			attributes = {
				BuildIndependentTargetsInParallel = 1;
				LastSwiftUpdateCheck = 1500;
				LastUpgradeCheck = 1500;
				TargetAttributes = {
					66BF238B2A9A5E27000E2474 = {
						CreatedOnToolsVersion = 15.0;
					};
				};
			};
			buildConfigurationList = 66BF23872A9A5E27000E2474 /* Build configuration list for PBXProject "Tracker" */;
			compatibilityVersion = "Xcode 14.0";
			developmentRegion = en;
			hasScannedForEncodings = 0;
			knownRegions = (
				en,
				Base,
			);
			mainGroup = 66BF23832A9A5E27000E2474;
			productRefGroup = 66BF238D2A9A5E27000E2474 /* Products */;
			projectDirPath = "";
			projectRoot = "";
			targets = (
				66BF238B2A9A5E27000E2474 /* Tracker */,
			);
		};
/* End PBXProject section */

/* Begin PBXResourcesBuildPhase section */
		66BF238A2A9A5E27000E2474 /* Resources */ = {
			isa = PBXResourcesBuildPhase;
			buildActionMask = 2147483647;
			files = (
				66BF239F2A9A5E28000E2474 /* LaunchScreen.storyboard in Resources */,
				66BF239C2A9A5E28000E2474 /* Assets.xcassets in Resources */,
			);
			runOnlyForDeploymentPostprocessing = 0;
		};
/* End PBXResourcesBuildPhase section */

/* Begin PBXSourcesBuildPhase section */
		66BF23882A9A5E27000E2474 /* Sources */ = {
			isa = PBXSourcesBuildPhase;
			buildActionMask = 2147483647;
			files = (
				668AF3852AA7735800D974AD /* DateFormatter.swift in Sources */,
				662BA9B92ACD76660059CC30 /* CategoryCell.swift in Sources */,
				66BF239A2A9A5E27000E2474 /* Tracker.xcdatamodeld in Sources */,
				66AE86122A9E1BB10055E245 /* Table + TextField CollectionCell.swift in Sources */,
				661B6C132A9BB4F6008BEC08 /* ChooseTypeVC.swift in Sources */,
				660EBC072AAE0D9E00386C8F /* TrackerCategoryStore.swift in Sources */,
				66BF23AE2A9B6F88000E2474 /* StatisticViewController.swift in Sources */,
				661B6C1E2A9BCD83008BEC08 /* TrackerRecordModel.swift in Sources */,
				6657CDAE2AC06740003A5EF1 /* OnboardingViewController .swift in Sources */,
				66BF23902A9A5E27000E2474 /* AppDelegate.swift in Sources */,
				661B6C2D2A9CDB4F008BEC08 /* GeometricParams.swift in Sources */,
				66E5223F2A9F66D200E6BEA2 /* ScheduleViewController.swift in Sources */,
				66E522432A9F804700E6BEA2 /* CategoryTableVIew.swift in Sources */,
				66B661EF2AC1BE41006D9C78 /* Observable.swift in Sources */,
				661B6C2F2A9CE10F008BEC08 /* HabbitTableView.swift in Sources */,
				66B3901E2AC5C78800B643D4 /* NewCategoryViewModel.swift in Sources */,
				66C1D7CF2ACB0096006F183C /* TrackersViewModel.swift in Sources */,
				661B6C262A9BED19008BEC08 /* HabbitCollectionView.swift in Sources */,
				66E5223C2A9E776F00E6BEA2 /* NewCategoryViewController.swift in Sources */,
				6657CDB02AC06B5F003A5EF1 /* PageViewController.swift in Sources */,
				661B6C282A9CB46D008BEC08 /* HabbitCollectionViewCell.swift in Sources */,
				660EBC052AAE0D9200386C8F /* TrackerStore.swift in Sources */,
				66BF23A82A9A6FCD000E2474 /* TabBarController.swift in Sources */,
				661B6C242A9BE794008BEC08 /* TextFieldWithPadding.swift in Sources */,
				66E522452A9FAFC200E6BEA2 /* TempStorage.swift in Sources */,
				66BF23922A9A5E27000E2474 /* SceneDelegate.swift in Sources */,
				661B6C152A9BCA9C008BEC08 /* TrackersCollectionView.swift in Sources */,
				661B6C2A2A9CC42E008BEC08 /* SupplementaryView.swift in Sources */,
				661B6C1C2A9BCD32008BEC08 /* TrackerCategoryModel.swift in Sources */,
				66B661ED2AC1BE2A006D9C78 /* CategoryViewModel.swift in Sources */,
				66E522412A9F675D00E6BEA2 /* ScheduleTableView.swift in Sources */,
				663296DB2AC9A08800A71686 /* HabbitViewModel.swift in Sources */,
				66AE86152A9E3F200055E245 /* CategoryViewController.swift in Sources */,
				660EBC092AAE0DA700386C8F /* TrackerRecordStore.swift in Sources */,
				661B6C212A9BE198008BEC08 /* HabbitViewController.swift in Sources */,
				661B6C1A2A9BCD04008BEC08 /* TrackerModel.swift in Sources */,
				661B6C172A9BCC19008BEC08 /* TrackersCollectionViewCell.swift in Sources */,
				66BF23AC2A9B6F41000E2474 /* TrackersViewController.swift in Sources */,
			);
			runOnlyForDeploymentPostprocessing = 0;
		};
/* End PBXSourcesBuildPhase section */

/* Begin PBXVariantGroup section */
		66BF239D2A9A5E28000E2474 /* LaunchScreen.storyboard */ = {
			isa = PBXVariantGroup;
			children = (
				66BF239E2A9A5E28000E2474 /* Base */,
			);
			name = LaunchScreen.storyboard;
			sourceTree = "<group>";
		};
/* End PBXVariantGroup section */

/* Begin XCBuildConfiguration section */
		66BF23A12A9A5E28000E2474 /* Debug */ = {
			isa = XCBuildConfiguration;
			buildSettings = {
				ALWAYS_SEARCH_USER_PATHS = NO;
				ASSETCATALOG_COMPILER_GENERATE_SWIFT_ASSET_SYMBOL_EXTENSIONS = YES;
				CLANG_ANALYZER_NONNULL = YES;
				CLANG_ANALYZER_NUMBER_OBJECT_CONVERSION = YES_AGGRESSIVE;
				CLANG_CXX_LANGUAGE_STANDARD = "gnu++20";
				CLANG_ENABLE_MODULES = YES;
				CLANG_ENABLE_OBJC_ARC = YES;
				CLANG_ENABLE_OBJC_WEAK = YES;
				CLANG_WARN_BLOCK_CAPTURE_AUTORELEASING = YES;
				CLANG_WARN_BOOL_CONVERSION = YES;
				CLANG_WARN_COMMA = YES;
				CLANG_WARN_CONSTANT_CONVERSION = YES;
				CLANG_WARN_DEPRECATED_OBJC_IMPLEMENTATIONS = YES;
				CLANG_WARN_DIRECT_OBJC_ISA_USAGE = YES_ERROR;
				CLANG_WARN_DOCUMENTATION_COMMENTS = YES;
				CLANG_WARN_EMPTY_BODY = YES;
				CLANG_WARN_ENUM_CONVERSION = YES;
				CLANG_WARN_INFINITE_RECURSION = YES;
				CLANG_WARN_INT_CONVERSION = YES;
				CLANG_WARN_NON_LITERAL_NULL_CONVERSION = YES;
				CLANG_WARN_OBJC_IMPLICIT_RETAIN_SELF = YES;
				CLANG_WARN_OBJC_LITERAL_CONVERSION = YES;
				CLANG_WARN_OBJC_ROOT_CLASS = YES_ERROR;
				CLANG_WARN_QUOTED_INCLUDE_IN_FRAMEWORK_HEADER = YES;
				CLANG_WARN_RANGE_LOOP_ANALYSIS = YES;
				CLANG_WARN_STRICT_PROTOTYPES = YES;
				CLANG_WARN_SUSPICIOUS_MOVE = YES;
				CLANG_WARN_UNGUARDED_AVAILABILITY = YES_AGGRESSIVE;
				CLANG_WARN_UNREACHABLE_CODE = YES;
				CLANG_WARN__DUPLICATE_METHOD_MATCH = YES;
				COPY_PHASE_STRIP = NO;
				DEBUG_INFORMATION_FORMAT = dwarf;
				ENABLE_STRICT_OBJC_MSGSEND = YES;
				ENABLE_TESTABILITY = YES;
				ENABLE_USER_SCRIPT_SANDBOXING = YES;
				GCC_C_LANGUAGE_STANDARD = gnu17;
				GCC_DYNAMIC_NO_PIC = NO;
				GCC_NO_COMMON_BLOCKS = YES;
				GCC_OPTIMIZATION_LEVEL = 0;
				GCC_PREPROCESSOR_DEFINITIONS = (
					"DEBUG=1",
					"$(inherited)",
				);
				GCC_WARN_64_TO_32_BIT_CONVERSION = YES;
				GCC_WARN_ABOUT_RETURN_TYPE = YES_ERROR;
				GCC_WARN_UNDECLARED_SELECTOR = YES;
				GCC_WARN_UNINITIALIZED_AUTOS = YES_AGGRESSIVE;
				GCC_WARN_UNUSED_FUNCTION = YES;
				GCC_WARN_UNUSED_VARIABLE = YES;
				IPHONEOS_DEPLOYMENT_TARGET = 13.4;
				LOCALIZATION_PREFERS_STRING_CATALOGS = YES;
				MTL_ENABLE_DEBUG_INFO = INCLUDE_SOURCE;
				MTL_FAST_MATH = YES;
				ONLY_ACTIVE_ARCH = YES;
				SDKROOT = iphoneos;
				SWIFT_ACTIVE_COMPILATION_CONDITIONS = "DEBUG $(inherited)";
				SWIFT_OPTIMIZATION_LEVEL = "-Onone";
			};
			name = Debug;
		};
		66BF23A22A9A5E28000E2474 /* Release */ = {
			isa = XCBuildConfiguration;
			buildSettings = {
				ALWAYS_SEARCH_USER_PATHS = NO;
				ASSETCATALOG_COMPILER_GENERATE_SWIFT_ASSET_SYMBOL_EXTENSIONS = YES;
				CLANG_ANALYZER_NONNULL = YES;
				CLANG_ANALYZER_NUMBER_OBJECT_CONVERSION = YES_AGGRESSIVE;
				CLANG_CXX_LANGUAGE_STANDARD = "gnu++20";
				CLANG_ENABLE_MODULES = YES;
				CLANG_ENABLE_OBJC_ARC = YES;
				CLANG_ENABLE_OBJC_WEAK = YES;
				CLANG_WARN_BLOCK_CAPTURE_AUTORELEASING = YES;
				CLANG_WARN_BOOL_CONVERSION = YES;
				CLANG_WARN_COMMA = YES;
				CLANG_WARN_CONSTANT_CONVERSION = YES;
				CLANG_WARN_DEPRECATED_OBJC_IMPLEMENTATIONS = YES;
				CLANG_WARN_DIRECT_OBJC_ISA_USAGE = YES_ERROR;
				CLANG_WARN_DOCUMENTATION_COMMENTS = YES;
				CLANG_WARN_EMPTY_BODY = YES;
				CLANG_WARN_ENUM_CONVERSION = YES;
				CLANG_WARN_INFINITE_RECURSION = YES;
				CLANG_WARN_INT_CONVERSION = YES;
				CLANG_WARN_NON_LITERAL_NULL_CONVERSION = YES;
				CLANG_WARN_OBJC_IMPLICIT_RETAIN_SELF = YES;
				CLANG_WARN_OBJC_LITERAL_CONVERSION = YES;
				CLANG_WARN_OBJC_ROOT_CLASS = YES_ERROR;
				CLANG_WARN_QUOTED_INCLUDE_IN_FRAMEWORK_HEADER = YES;
				CLANG_WARN_RANGE_LOOP_ANALYSIS = YES;
				CLANG_WARN_STRICT_PROTOTYPES = YES;
				CLANG_WARN_SUSPICIOUS_MOVE = YES;
				CLANG_WARN_UNGUARDED_AVAILABILITY = YES_AGGRESSIVE;
				CLANG_WARN_UNREACHABLE_CODE = YES;
				CLANG_WARN__DUPLICATE_METHOD_MATCH = YES;
				COPY_PHASE_STRIP = NO;
				DEBUG_INFORMATION_FORMAT = "dwarf-with-dsym";
				ENABLE_NS_ASSERTIONS = NO;
				ENABLE_STRICT_OBJC_MSGSEND = YES;
				ENABLE_USER_SCRIPT_SANDBOXING = YES;
				GCC_C_LANGUAGE_STANDARD = gnu17;
				GCC_NO_COMMON_BLOCKS = YES;
				GCC_WARN_64_TO_32_BIT_CONVERSION = YES;
				GCC_WARN_ABOUT_RETURN_TYPE = YES_ERROR;
				GCC_WARN_UNDECLARED_SELECTOR = YES;
				GCC_WARN_UNINITIALIZED_AUTOS = YES_AGGRESSIVE;
				GCC_WARN_UNUSED_FUNCTION = YES;
				GCC_WARN_UNUSED_VARIABLE = YES;
				IPHONEOS_DEPLOYMENT_TARGET = 13.4;
				LOCALIZATION_PREFERS_STRING_CATALOGS = YES;
				MTL_ENABLE_DEBUG_INFO = NO;
				MTL_FAST_MATH = YES;
				SDKROOT = iphoneos;
				SWIFT_COMPILATION_MODE = wholemodule;
				VALIDATE_PRODUCT = YES;
			};
			name = Release;
		};
		66BF23A42A9A5E28000E2474 /* Debug */ = {
			isa = XCBuildConfiguration;
			buildSettings = {
				ASSETCATALOG_COMPILER_APPICON_NAME = AppIcon;
				ASSETCATALOG_COMPILER_GLOBAL_ACCENT_COLOR_NAME = AccentColor;
				CODE_SIGN_STYLE = Automatic;
				CURRENT_PROJECT_VERSION = 1;
				DEVELOPMENT_TEAM = C3BZB3Q66B;
				GENERATE_INFOPLIST_FILE = YES;
				INFOPLIST_FILE = Tracker/Recources/Info.plist;
				INFOPLIST_KEY_UIApplicationSupportsIndirectInputEvents = YES;
				INFOPLIST_KEY_UILaunchStoryboardName = LaunchScreen;
				INFOPLIST_KEY_UISupportedInterfaceOrientations_iPad = "UIInterfaceOrientationPortrait UIInterfaceOrientationPortraitUpsideDown UIInterfaceOrientationLandscapeLeft UIInterfaceOrientationLandscapeRight";
				INFOPLIST_KEY_UISupportedInterfaceOrientations_iPhone = "UIInterfaceOrientationPortrait UIInterfaceOrientationLandscapeLeft UIInterfaceOrientationLandscapeRight";
				IPHONEOS_DEPLOYMENT_TARGET = 13.4;
				LD_RUNPATH_SEARCH_PATHS = (
					"$(inherited)",
					"@executable_path/Frameworks",
				);
				MARKETING_VERSION = 1.0;
				PRODUCT_BUNDLE_IDENTIFIER = "ru.Georgy-hook.Tracker";
				PRODUCT_NAME = "$(TARGET_NAME)";
				SWIFT_EMIT_LOC_STRINGS = YES;
				SWIFT_VERSION = 5.0;
				TARGETED_DEVICE_FAMILY = "1,2";
			};
			name = Debug;
		};
		66BF23A52A9A5E28000E2474 /* Release */ = {
			isa = XCBuildConfiguration;
			buildSettings = {
				ASSETCATALOG_COMPILER_APPICON_NAME = AppIcon;
				ASSETCATALOG_COMPILER_GLOBAL_ACCENT_COLOR_NAME = AccentColor;
				CODE_SIGN_STYLE = Automatic;
				CURRENT_PROJECT_VERSION = 1;
				DEVELOPMENT_TEAM = C3BZB3Q66B;
				GENERATE_INFOPLIST_FILE = YES;
				INFOPLIST_FILE = Tracker/Recources/Info.plist;
				INFOPLIST_KEY_UIApplicationSupportsIndirectInputEvents = YES;
				INFOPLIST_KEY_UILaunchStoryboardName = LaunchScreen;
				INFOPLIST_KEY_UISupportedInterfaceOrientations_iPad = "UIInterfaceOrientationPortrait UIInterfaceOrientationPortraitUpsideDown UIInterfaceOrientationLandscapeLeft UIInterfaceOrientationLandscapeRight";
				INFOPLIST_KEY_UISupportedInterfaceOrientations_iPhone = "UIInterfaceOrientationPortrait UIInterfaceOrientationLandscapeLeft UIInterfaceOrientationLandscapeRight";
				IPHONEOS_DEPLOYMENT_TARGET = 13.4;
				LD_RUNPATH_SEARCH_PATHS = (
					"$(inherited)",
					"@executable_path/Frameworks",
				);
				MARKETING_VERSION = 1.0;
				PRODUCT_BUNDLE_IDENTIFIER = "ru.Georgy-hook.Tracker";
				PRODUCT_NAME = "$(TARGET_NAME)";
				SWIFT_EMIT_LOC_STRINGS = YES;
				SWIFT_VERSION = 5.0;
				TARGETED_DEVICE_FAMILY = "1,2";
			};
			name = Release;
		};
/* End XCBuildConfiguration section */

/* Begin XCConfigurationList section */
		66BF23872A9A5E27000E2474 /* Build configuration list for PBXProject "Tracker" */ = {
			isa = XCConfigurationList;
			buildConfigurations = (
				66BF23A12A9A5E28000E2474 /* Debug */,
				66BF23A22A9A5E28000E2474 /* Release */,
			);
			defaultConfigurationIsVisible = 0;
			defaultConfigurationName = Release;
		};
		66BF23A32A9A5E28000E2474 /* Build configuration list for PBXNativeTarget "Tracker" */ = {
			isa = XCConfigurationList;
			buildConfigurations = (
				66BF23A42A9A5E28000E2474 /* Debug */,
				66BF23A52A9A5E28000E2474 /* Release */,
			);
			defaultConfigurationIsVisible = 0;
			defaultConfigurationName = Release;
		};
/* End XCConfigurationList section */

/* Begin XCVersionGroup section */
		66BF23982A9A5E27000E2474 /* Tracker.xcdatamodeld */ = {
			isa = XCVersionGroup;
			children = (
				66BF23992A9A5E27000E2474 /* Tracker.xcdatamodel */,
			);
			currentVersion = 66BF23992A9A5E27000E2474 /* Tracker.xcdatamodel */;
			path = Tracker.xcdatamodeld;
			sourceTree = "<group>";
			versionGroupType = wrapper.xcdatamodel;
		};
/* End XCVersionGroup section */
	};
	rootObject = 66BF23842A9A5E27000E2474 /* Project object */;
}
